PODS:
  - CoinKit.swift (0.1.0):
    - GRDB.swift (~> 4.0)
    - ObjectMapper (~> 3.5.2)
    - RxSwift (~> 5.0)
    - RxSwiftExt (~> 5)
  - GRDB.swift (4.14.0):
    - GRDB.swift/standard (= 4.14.0)
  - GRDB.swift/standard (4.14.0)
  - ObjectMapper (3.5.3)
  - RxCocoa (5.1.1):
    - RxRelay (~> 5)
    - RxSwift (~> 5)
  - RxRelay (5.1.1):
    - RxSwift (~> 5)
  - RxSwift (5.1.1)
  - RxSwiftExt (5.2.0):
    - RxSwiftExt/Core (= 5.2.0)
    - RxSwiftExt/RxCocoa (= 5.2.0)
  - RxSwiftExt/Core (5.2.0):
    - RxSwift (~> 5.0)
  - RxSwiftExt/RxCocoa (5.2.0):
    - RxCocoa (~> 5.0)
    - RxSwiftExt/Core
  - SnapKit (5.0.1)

DEPENDENCIES:
  - CoinKit.swift (from `../`)
  - SnapKit

SPEC REPOS:
  trunk:
    - GRDB.swift
    - ObjectMapper
    - RxCocoa
    - RxRelay
    - RxSwift
    - RxSwiftExt
    - SnapKit

EXTERNAL SOURCES:
  CoinKit.swift:
    :path: "../"

SPEC CHECKSUMS:
  CoinKit.swift: 2a36b726e88989b22254a2bb48b2965a06e1e033
  GRDB.swift: 8cc3ab7c8b8b4ac1761deb8dca4b51c1c9d429f8
  ObjectMapper: 97111c97e054a6ee25917662106689f0b4127b37
  RxCocoa: 32065309a38d29b5b0db858819b5bf9ef038b601
  RxRelay: d77f7d771495f43c556cbc43eebd1bb54d01e8e9
  RxSwift: 81470a2074fa8780320ea5fe4102807cb7118178
  RxSwiftExt: 4ca80336f43c28f11a2825cdd2fc61dd6c044697
  SnapKit: 97b92857e3df3a0c71833cce143274bf6ef8e5eb

PODFILE CHECKSUM: 5c78db092464e3c5438ad0eadd097bcd16fc7807

COCOAPODS: 1.10.0
